// !$*UTF8*$!
{
	archiveVersion = 1;
	classes = {
	};
	objectVersion = 46;
	objects = {

/* Begin PBXBuildFile section */
		B409F3AC2119EE5700A70A75 /* logo.png in Resources */ = {isa = PBXBuildFile; fileRef = B409F3AB2119EE5600A70A75 /* logo.png */; };
		B4D4D4732085AFB300F0FE81 /* SCNModelResponseParser+Chain.m in Sources */ = {isa = PBXBuildFile; fileRef = B4D4D44D2085AFB300F0FE81 /* SCNModelResponseParser+Chain.m */; };
		B4D4D4742085AFB300F0FE81 /* SCNHTTPBodyStream.m in Sources */ = {isa = PBXBuildFile; fileRef = B4D4D44F2085AFB300F0FE81 /* SCNHTTPBodyStream.m */; };
		B4D4D4752085AFB400F0FE81 /* NSString+SCAddtions.m in Sources */ = {isa = PBXBuildFile; fileRef = B4D4D4542085AFB300F0FE81 /* NSString+SCAddtions.m */; };
		B4D4D4762085AFB400F0FE81 /* NSDictionary+SCAddtions.m in Sources */ = {isa = PBXBuildFile; fileRef = B4D4D4552085AFB300F0FE81 /* NSDictionary+SCAddtions.m */; };
		B4D4D4772085AFB400F0FE81 /* SCNetworkRequest+SessionDelegate.m in Sources */ = {isa = PBXBuildFile; fileRef = B4D4D4582085AFB300F0FE81 /* SCNetworkRequest+SessionDelegate.m */; };
		B4D4D4782085AFB400F0FE81 /* SCNetworkKit.m in Sources */ = {isa = PBXBuildFile; fileRef = B4D4D4592085AFB300F0FE81 /* SCNetworkKit.m */; };
		B4D4D4792085AFB400F0FE81 /* SCNetworkService.m in Sources */ = {isa = PBXBuildFile; fileRef = B4D4D45B2085AFB300F0FE81 /* SCNetworkService.m */; };
		B4D4D47A2085AFB400F0FE81 /* SCNetworkService+Shared.m in Sources */ = {isa = PBXBuildFile; fileRef = B4D4D45F2085AFB300F0FE81 /* SCNetworkService+Shared.m */; };
		B4D4D47B2085AFB400F0FE81 /* SCNHTTPResponseParser.m in Sources */ = {isa = PBXBuildFile; fileRef = B4D4D4602085AFB300F0FE81 /* SCNHTTPResponseParser.m */; };
		B4D4D47C2085AFB400F0FE81 /* SCNModelResponseParser.m in Sources */ = {isa = PBXBuildFile; fileRef = B4D4D4612085AFB300F0FE81 /* SCNModelResponseParser.m */; };
		B4D4D47D2085AFB400F0FE81 /* NSObject+SCCancelRef.m in Sources */ = {isa = PBXBuildFile; fileRef = B4D4D4622085AFB300F0FE81 /* NSObject+SCCancelRef.m */; };
		B4D4D47E2085AFB400F0FE81 /* SCNetworkRequest+Chain.m in Sources */ = {isa = PBXBuildFile; fileRef = B4D4D4632085AFB300F0FE81 /* SCNetworkRequest+Chain.m */; };
		B4D4D47F2085AFB400F0FE81 /* SCNJSONResponseParser.m in Sources */ = {isa = PBXBuildFile; fileRef = B4D4D4672085AFB300F0FE81 /* SCNJSONResponseParser.m */; };
		B4D4D4802085AFB400F0FE81 /* SCNImageResponseParser.m in Sources */ = {isa = PBXBuildFile; fileRef = B4D4D4692085AFB300F0FE81 /* SCNImageResponseParser.m */; };
		B4D4D4812085AFB400F0FE81 /* SCNetworkRequest.m in Sources */ = {isa = PBXBuildFile; fileRef = B4D4D46F2085AFB300F0FE81 /* SCNetworkRequest.m */; };
		B4D4D4822085AFB400F0FE81 /* SCNJSONResponseParser+Chain.m in Sources */ = {isa = PBXBuildFile; fileRef = B4D4D4702085AFB300F0FE81 /* SCNJSONResponseParser+Chain.m */; };
		B4D4D4832085AFB400F0FE81 /* SCNBlockResponseParser.m in Sources */ = {isa = PBXBuildFile; fileRef = B4D4D4712085AFB300F0FE81 /* SCNBlockResponseParser.m */; };
		B4EFA8192086420E00CAB557 /* node.jpg in Resources */ = {isa = PBXBuildFile; fileRef = B4EFA8182086420E00CAB557 /* node.jpg */; };
		B4F5B462208A295C00800E57 /* node.txt in Resources */ = {isa = PBXBuildFile; fileRef = B4F5B461208A295C00800E57 /* node.txt */; };
		C342B27C1F217C54007F04FC /* main.m in Sources */ = {isa = PBXBuildFile; fileRef = C342B27B1F217C54007F04FC /* main.m */; };
		C342B27F1F217C54007F04FC /* AppDelegate.m in Sources */ = {isa = PBXBuildFile; fileRef = C342B27E1F217C54007F04FC /* AppDelegate.m */; };
		C342B2821F217C54007F04FC /* ViewController.m in Sources */ = {isa = PBXBuildFile; fileRef = C342B2811F217C54007F04FC /* ViewController.m */; };
		C342B2851F217C54007F04FC /* Main.storyboard in Resources */ = {isa = PBXBuildFile; fileRef = C342B2831F217C54007F04FC /* Main.storyboard */; };
		C342B2871F217C54007F04FC /* Assets.xcassets in Resources */ = {isa = PBXBuildFile; fileRef = C342B2861F217C54007F04FC /* Assets.xcassets */; };
		C342B28A1F217C54007F04FC /* LaunchScreen.storyboard in Resources */ = {isa = PBXBuildFile; fileRef = C342B2881F217C54007F04FC /* LaunchScreen.storyboard */; };
		C342B2DB1F218AC8007F04FC /* SCNModelParser.m in Sources */ = {isa = PBXBuildFile; fileRef = C342B2DA1F218AC8007F04FC /* SCNModelParser.m */; };
		C37FB6901F21D66A0002ACB3 /* TestModel.m in Sources */ = {isa = PBXBuildFile; fileRef = C37FB68F1F21D66A0002ACB3 /* TestModel.m */; };
		DD398F151FA83FB70080C84F /* SCJSONUtil.m in Sources */ = {isa = PBXBuildFile; fileRef = DD398F141FA83FB70080C84F /* SCJSONUtil.m */; };
/* End PBXBuildFile section */

/* Begin PBXFileReference section */
		B4D4D44D2085AFB300F0FE81 /* SCNModelResponseParser+Chain.m */ = {isa = PBXFileReference; fileEncoding = 4; lastKnownFileType = sourcecode.c.objc; path = "SCNModelResponseParser+Chain.m"; sourceTree = "<group>"; };
		B4D4D44E2085AFB300F0FE81 /* SCNetworkRequest+Chain.h */ = {isa = PBXFileReference; fileEncoding = 4; lastKnownFileType = sourcecode.c.h; path = "SCNetworkRequest+Chain.h"; sourceTree = "<group>"; };
		B4D4D44F2085AFB300F0FE81 /* SCNHTTPBodyStream.m */ = {isa = PBXFileReference; fileEncoding = 4; lastKnownFileType = sourcecode.c.objc; path = SCNHTTPBodyStream.m; sourceTree = "<group>"; };
		B4D4D4502085AFB300F0FE81 /* NSObject+SCCancelRef.h */ = {isa = PBXFileReference; fileEncoding = 4; lastKnownFileType = sourcecode.c.h; path = "NSObject+SCCancelRef.h"; sourceTree = "<group>"; };
		B4D4D4512085AFB300F0FE81 /* SCNModelResponseParser.h */ = {isa = PBXFileReference; fileEncoding = 4; lastKnownFileType = sourcecode.c.h; path = SCNModelResponseParser.h; sourceTree = "<group>"; };
		B4D4D4522085AFB300F0FE81 /* SCNHTTPResponseParser.h */ = {isa = PBXFileReference; fileEncoding = 4; lastKnownFileType = sourcecode.c.h; path = SCNHTTPResponseParser.h; sourceTree = "<group>"; };
		B4D4D4532085AFB300F0FE81 /* SCNImageResponseParser.h */ = {isa = PBXFileReference; fileEncoding = 4; lastKnownFileType = sourcecode.c.h; path = SCNImageResponseParser.h; sourceTree = "<group>"; };
		B4D4D4542085AFB300F0FE81 /* NSString+SCAddtions.m */ = {isa = PBXFileReference; fileEncoding = 4; lastKnownFileType = sourcecode.c.objc; path = "NSString+SCAddtions.m"; sourceTree = "<group>"; };
		B4D4D4552085AFB300F0FE81 /* NSDictionary+SCAddtions.m */ = {isa = PBXFileReference; fileEncoding = 4; lastKnownFileType = sourcecode.c.objc; path = "NSDictionary+SCAddtions.m"; sourceTree = "<group>"; };
		B4D4D4562085AFB300F0FE81 /* SCNJSONResponseParser.h */ = {isa = PBXFileReference; fileEncoding = 4; lastKnownFileType = sourcecode.c.h; path = SCNJSONResponseParser.h; sourceTree = "<group>"; };
		B4D4D4572085AFB300F0FE81 /* SCNModelParserProtocol.h */ = {isa = PBXFileReference; fileEncoding = 4; lastKnownFileType = sourcecode.c.h; path = SCNModelParserProtocol.h; sourceTree = "<group>"; };
		B4D4D4582085AFB300F0FE81 /* SCNetworkRequest+SessionDelegate.m */ = {isa = PBXFileReference; fileEncoding = 4; lastKnownFileType = sourcecode.c.objc; path = "SCNetworkRequest+SessionDelegate.m"; sourceTree = "<group>"; };
		B4D4D4592085AFB300F0FE81 /* SCNetworkKit.m */ = {isa = PBXFileReference; fileEncoding = 4; lastKnownFileType = sourcecode.c.objc; path = SCNetworkKit.m; sourceTree = "<group>"; };
		B4D4D45A2085AFB300F0FE81 /* SCNetworkRequestInternal.h */ = {isa = PBXFileReference; fileEncoding = 4; lastKnownFileType = sourcecode.c.h; path = SCNetworkRequestInternal.h; sourceTree = "<group>"; };
		B4D4D45B2085AFB300F0FE81 /* SCNetworkService.m */ = {isa = PBXFileReference; fileEncoding = 4; lastKnownFileType = sourcecode.c.objc; path = SCNetworkService.m; sourceTree = "<group>"; };
		B4D4D45C2085AFB300F0FE81 /* SCNBlockResponseParser.h */ = {isa = PBXFileReference; fileEncoding = 4; lastKnownFileType = sourcecode.c.h; path = SCNBlockResponseParser.h; sourceTree = "<group>"; };
		B4D4D45D2085AFB300F0FE81 /* SCNJSONResponseParser+Chain.h */ = {isa = PBXFileReference; fileEncoding = 4; lastKnownFileType = sourcecode.c.h; path = "SCNJSONResponseParser+Chain.h"; sourceTree = "<group>"; };
		B4D4D45E2085AFB300F0FE81 /* SCNetworkRequest.h */ = {isa = PBXFileReference; fileEncoding = 4; lastKnownFileType = sourcecode.c.h; path = SCNetworkRequest.h; sourceTree = "<group>"; };
		B4D4D45F2085AFB300F0FE81 /* SCNetworkService+Shared.m */ = {isa = PBXFileReference; fileEncoding = 4; lastKnownFileType = sourcecode.c.objc; path = "SCNetworkService+Shared.m"; sourceTree = "<group>"; };
		B4D4D4602085AFB300F0FE81 /* SCNHTTPResponseParser.m */ = {isa = PBXFileReference; fileEncoding = 4; lastKnownFileType = sourcecode.c.objc; path = SCNHTTPResponseParser.m; sourceTree = "<group>"; };
		B4D4D4612085AFB300F0FE81 /* SCNModelResponseParser.m */ = {isa = PBXFileReference; fileEncoding = 4; lastKnownFileType = sourcecode.c.objc; path = SCNModelResponseParser.m; sourceTree = "<group>"; };
		B4D4D4622085AFB300F0FE81 /* NSObject+SCCancelRef.m */ = {isa = PBXFileReference; fileEncoding = 4; lastKnownFileType = sourcecode.c.objc; path = "NSObject+SCCancelRef.m"; sourceTree = "<group>"; };
		B4D4D4632085AFB300F0FE81 /* SCNetworkRequest+Chain.m */ = {isa = PBXFileReference; fileEncoding = 4; lastKnownFileType = sourcecode.c.objc; path = "SCNetworkRequest+Chain.m"; sourceTree = "<group>"; };
		B4D4D4642085AFB300F0FE81 /* SCNModelResponseParser+Chain.h */ = {isa = PBXFileReference; fileEncoding = 4; lastKnownFileType = sourcecode.c.h; path = "SCNModelResponseParser+Chain.h"; sourceTree = "<group>"; };
		B4D4D4652085AFB300F0FE81 /* SCNHTTPBodyStream.h */ = {isa = PBXFileReference; fileEncoding = 4; lastKnownFileType = sourcecode.c.h; path = SCNHTTPBodyStream.h; sourceTree = "<group>"; };
		B4D4D4662085AFB300F0FE81 /* SCNResponseParser.h */ = {isa = PBXFileReference; fileEncoding = 4; lastKnownFileType = sourcecode.c.h; path = SCNResponseParser.h; sourceTree = "<group>"; };
		B4D4D4672085AFB300F0FE81 /* SCNJSONResponseParser.m */ = {isa = PBXFileReference; fileEncoding = 4; lastKnownFileType = sourcecode.c.objc; path = SCNJSONResponseParser.m; sourceTree = "<group>"; };
		B4D4D4682085AFB300F0FE81 /* NSDictionary+SCAddtions.h */ = {isa = PBXFileReference; fileEncoding = 4; lastKnownFileType = sourcecode.c.h; path = "NSDictionary+SCAddtions.h"; sourceTree = "<group>"; };
		B4D4D4692085AFB300F0FE81 /* SCNImageResponseParser.m */ = {isa = PBXFileReference; fileEncoding = 4; lastKnownFileType = sourcecode.c.objc; path = SCNImageResponseParser.m; sourceTree = "<group>"; };
		B4D4D46A2085AFB300F0FE81 /* NSString+SCAddtions.h */ = {isa = PBXFileReference; fileEncoding = 4; lastKnownFileType = sourcecode.c.h; path = "NSString+SCAddtions.h"; sourceTree = "<group>"; };
		B4D4D46B2085AFB300F0FE81 /* SCNetworkKit.h */ = {isa = PBXFileReference; fileEncoding = 4; lastKnownFileType = sourcecode.c.h; path = SCNetworkKit.h; sourceTree = "<group>"; };
		B4D4D46C2085AFB300F0FE81 /* SCNetworkRequest+SessionDelegate.h */ = {isa = PBXFileReference; fileEncoding = 4; lastKnownFileType = sourcecode.c.h; path = "SCNetworkRequest+SessionDelegate.h"; sourceTree = "<group>"; };
		B4D4D46D2085AFB300F0FE81 /* SCNHeader.h */ = {isa = PBXFileReference; fileEncoding = 4; lastKnownFileType = sourcecode.c.h; path = SCNHeader.h; sourceTree = "<group>"; };
		B4D4D46E2085AFB300F0FE81 /* SCNetworkService+Shared.h */ = {isa = PBXFileReference; fileEncoding = 4; lastKnownFileType = sourcecode.c.h; path = "SCNetworkService+Shared.h"; sourceTree = "<group>"; };
		B4D4D46F2085AFB300F0FE81 /* SCNetworkRequest.m */ = {isa = PBXFileReference; fileEncoding = 4; lastKnownFileType = sourcecode.c.objc; path = SCNetworkRequest.m; sourceTree = "<group>"; };
		B4D4D4702085AFB300F0FE81 /* SCNJSONResponseParser+Chain.m */ = {isa = PBXFileReference; fileEncoding = 4; lastKnownFileType = sourcecode.c.objc; path = "SCNJSONResponseParser+Chain.m"; sourceTree = "<group>"; };
		B4D4D4712085AFB300F0FE81 /* SCNBlockResponseParser.m */ = {isa = PBXFileReference; fileEncoding = 4; lastKnownFileType = sourcecode.c.objc; path = SCNBlockResponseParser.m; sourceTree = "<group>"; };
		B4D4D4722085AFB300F0FE81 /* SCNetworkService.h */ = {isa = PBXFileReference; fileEncoding = 4; lastKnownFileType = sourcecode.c.h; path = SCNetworkService.h; sourceTree = "<group>"; };
		B4EFA8182086420E00CAB557 /* node.jpg */ = {isa = PBXFileReference; lastKnownFileType = image.jpeg; path = node.jpg; sourceTree = "<group>"; };
		B4F5B461208A295C00800E57 /* node.txt */ = {isa = PBXFileReference; fileEncoding = 4; lastKnownFileType = text; path = node.txt; sourceTree = "<group>"; };
		C342B2771F217C54007F04FC /* SCNDemo.app */ = {isa = PBXFileReference; explicitFileType = wrapper.application; includeInIndex = 0; path = SCNDemo.app; sourceTree = BUILT_PRODUCTS_DIR; };
		C342B27B1F217C54007F04FC /* main.m */ = {isa = PBXFileReference; lastKnownFileType = sourcecode.c.objc; path = main.m; sourceTree = "<group>"; };
		C342B27D1F217C54007F04FC /* AppDelegate.h */ = {isa = PBXFileReference; lastKnownFileType = sourcecode.c.h; path = AppDelegate.h; sourceTree = "<group>"; };
		C342B27E1F217C54007F04FC /* AppDelegate.m */ = {isa = PBXFileReference; lastKnownFileType = sourcecode.c.objc; path = AppDelegate.m; sourceTree = "<group>"; };
		C342B2801F217C54007F04FC /* ViewController.h */ = {isa = PBXFileReference; lastKnownFileType = sourcecode.c.h; path = ViewController.h; sourceTree = "<group>"; };
		C342B2811F217C54007F04FC /* ViewController.m */ = {isa = PBXFileReference; lastKnownFileType = sourcecode.c.objc; path = ViewController.m; sourceTree = "<group>"; };
		C342B2841F217C54007F04FC /* Base */ = {isa = PBXFileReference; lastKnownFileType = file.storyboard; name = Base; path = Base.lproj/Main.storyboard; sourceTree = "<group>"; };
		C342B2861F217C54007F04FC /* Assets.xcassets */ = {isa = PBXFileReference; lastKnownFileType = folder.assetcatalog; path = Assets.xcassets; sourceTree = "<group>"; };
		C342B2891F217C54007F04FC /* Base */ = {isa = PBXFileReference; lastKnownFileType = file.storyboard; name = Base; path = Base.lproj/LaunchScreen.storyboard; sourceTree = "<group>"; };
		C342B28B1F217C54007F04FC /* Info.plist */ = {isa = PBXFileReference; lastKnownFileType = text.plist.xml; path = Info.plist; sourceTree = "<group>"; };
		C342B2D91F218AC8007F04FC /* SCNModelParser.h */ = {isa = PBXFileReference; fileEncoding = 4; lastKnownFileType = sourcecode.c.h; path = SCNModelParser.h; sourceTree = "<group>"; };
		C342B2DA1F218AC8007F04FC /* SCNModelParser.m */ = {isa = PBXFileReference; fileEncoding = 4; lastKnownFileType = sourcecode.c.objc; path = SCNModelParser.m; sourceTree = "<group>"; };
		C37FB68E1F21D66A0002ACB3 /* TestModel.h */ = {isa = PBXFileReference; fileEncoding = 4; lastKnownFileType = sourcecode.c.h; path = TestModel.h; sourceTree = "<group>"; };
		C37FB68F1F21D66A0002ACB3 /* TestModel.m */ = {isa = PBXFileReference; fileEncoding = 4; lastKnownFileType = sourcecode.c.objc; path = TestModel.m; sourceTree = "<group>"; };
		DD398F131FA83FB70080C84F /* SCJSONUtil.h */ = {isa = PBXFileReference; fileEncoding = 4; lastKnownFileType = sourcecode.c.h; path = SCJSONUtil.h; sourceTree = "<group>"; };
		DD398F141FA83FB70080C84F /* SCJSONUtil.m */ = {isa = PBXFileReference; fileEncoding = 4; lastKnownFileType = sourcecode.c.objc; path = SCJSONUtil.m; sourceTree = "<group>"; };
/* End PBXFileReference section */

/* Begin PBXFrameworksBuildPhase section */
		C342B2741F217C54007F04FC /* Frameworks */ = {
			isa = PBXFrameworksBuildPhase;
			buildActionMask = 2147483647;
			files = (
			);
			runOnlyForDeploymentPostprocessing = 0;
		};
/* End PBXFrameworksBuildPhase section */

/* Begin PBXGroup section */
		B4D4D44C2085AFB300F0FE81 /* SCNetworkKit */ = {
			isa = PBXGroup;
			children = (
				B4D4D4682085AFB300F0FE81 /* NSDictionary+SCAddtions.h */,
				B4D4D4552085AFB300F0FE81 /* NSDictionary+SCAddtions.m */,
				B4D4D4502085AFB300F0FE81 /* NSObject+SCCancelRef.h */,
				B4D4D4622085AFB300F0FE81 /* NSObject+SCCancelRef.m */,
				B4D4D46A2085AFB300F0FE81 /* NSString+SCAddtions.h */,
				B4D4D4542085AFB300F0FE81 /* NSString+SCAddtions.m */,
				B4D4D45C2085AFB300F0FE81 /* SCNBlockResponseParser.h */,
				B4D4D4712085AFB300F0FE81 /* SCNBlockResponseParser.m */,
				B4D4D46B2085AFB300F0FE81 /* SCNetworkKit.h */,
				B4D4D4592085AFB300F0FE81 /* SCNetworkKit.m */,
				B4D4D45E2085AFB300F0FE81 /* SCNetworkRequest.h */,
				B4D4D46F2085AFB300F0FE81 /* SCNetworkRequest.m */,
				B4D4D44E2085AFB300F0FE81 /* SCNetworkRequest+Chain.h */,
				B4D4D4632085AFB300F0FE81 /* SCNetworkRequest+Chain.m */,
				B4D4D46C2085AFB300F0FE81 /* SCNetworkRequest+SessionDelegate.h */,
				B4D4D4582085AFB300F0FE81 /* SCNetworkRequest+SessionDelegate.m */,
				B4D4D45A2085AFB300F0FE81 /* SCNetworkRequestInternal.h */,
				B4D4D4722085AFB300F0FE81 /* SCNetworkService.h */,
				B4D4D45B2085AFB300F0FE81 /* SCNetworkService.m */,
				B4D4D46E2085AFB300F0FE81 /* SCNetworkService+Shared.h */,
				B4D4D45F2085AFB300F0FE81 /* SCNetworkService+Shared.m */,
				B4D4D46D2085AFB300F0FE81 /* SCNHeader.h */,
				B4D4D4652085AFB300F0FE81 /* SCNHTTPBodyStream.h */,
				B4D4D44F2085AFB300F0FE81 /* SCNHTTPBodyStream.m */,
				B4D4D4522085AFB300F0FE81 /* SCNHTTPResponseParser.h */,
				B4D4D4602085AFB300F0FE81 /* SCNHTTPResponseParser.m */,
				B4D4D4532085AFB300F0FE81 /* SCNImageResponseParser.h */,
				B4D4D4692085AFB300F0FE81 /* SCNImageResponseParser.m */,
				B4D4D4562085AFB300F0FE81 /* SCNJSONResponseParser.h */,
				B4D4D4672085AFB300F0FE81 /* SCNJSONResponseParser.m */,
				B4D4D45D2085AFB300F0FE81 /* SCNJSONResponseParser+Chain.h */,
				B4D4D4702085AFB300F0FE81 /* SCNJSONResponseParser+Chain.m */,
				B4D4D4572085AFB300F0FE81 /* SCNModelParserProtocol.h */,
				B4D4D4512085AFB300F0FE81 /* SCNModelResponseParser.h */,
				B4D4D4612085AFB300F0FE81 /* SCNModelResponseParser.m */,
				B4D4D4642085AFB300F0FE81 /* SCNModelResponseParser+Chain.h */,
				B4D4D44D2085AFB300F0FE81 /* SCNModelResponseParser+Chain.m */,
				B4D4D4662085AFB300F0FE81 /* SCNResponseParser.h */,
			);
			name = SCNetworkKit;
			path = ../../SCNetworkKit;
			sourceTree = "<group>";
		};
		C342B26E1F217C54007F04FC = {
			isa = PBXGroup;
			children = (
				C342B2791F217C54007F04FC /* SCNDemo */,
				C342B2781F217C54007F04FC /* Products */,
			);
			sourceTree = "<group>";
		};
		C342B2781F217C54007F04FC /* Products */ = {
			isa = PBXGroup;
			children = (
				C342B2771F217C54007F04FC /* SCNDemo.app */,
			);
			name = Products;
			sourceTree = "<group>";
		};
		C342B2791F217C54007F04FC /* SCNDemo */ = {
			isa = PBXGroup;
			children = (
				B4D4D44C2085AFB300F0FE81 /* SCNetworkKit */,
				DD398F121FA83FB70080C84F /* SCJSONUtil */,
				C342B2D91F218AC8007F04FC /* SCNModelParser.h */,
				C342B2DA1F218AC8007F04FC /* SCNModelParser.m */,
				C342B27D1F217C54007F04FC /* AppDelegate.h */,
				C342B27E1F217C54007F04FC /* AppDelegate.m */,
				C342B2801F217C54007F04FC /* ViewController.h */,
				C342B2811F217C54007F04FC /* ViewController.m */,
				C37FB68E1F21D66A0002ACB3 /* TestModel.h */,
				C37FB68F1F21D66A0002ACB3 /* TestModel.m */,
				C342B2831F217C54007F04FC /* Main.storyboard */,
				B4EFA8182086420E00CAB557 /* node.jpg */,
				B409F3AB2119EE5600A70A75 /* logo.png */,
				B4F5B461208A295C00800E57 /* node.txt */,
				C342B2861F217C54007F04FC /* Assets.xcassets */,
				C342B2881F217C54007F04FC /* LaunchScreen.storyboard */,
				C342B28B1F217C54007F04FC /* Info.plist */,
				C342B27A1F217C54007F04FC /* Supporting Files */,
			);
			path = SCNDemo;
			sourceTree = "<group>";
		};
		C342B27A1F217C54007F04FC /* Supporting Files */ = {
			isa = PBXGroup;
			children = (
				C342B27B1F217C54007F04FC /* main.m */,
			);
			name = "Supporting Files";
			sourceTree = "<group>";
		};
		DD398F121FA83FB70080C84F /* SCJSONUtil */ = {
			isa = PBXGroup;
			children = (
				DD398F131FA83FB70080C84F /* SCJSONUtil.h */,
				DD398F141FA83FB70080C84F /* SCJSONUtil.m */,
			);
			path = SCJSONUtil;
			sourceTree = "<group>";
		};
/* End PBXGroup section */

/* Begin PBXNativeTarget section */
		C342B2761F217C54007F04FC /* SCNDemo */ = {
			isa = PBXNativeTarget;
			buildConfigurationList = C342B28E1F217C54007F04FC /* Build configuration list for PBXNativeTarget "SCNDemo" */;
			buildPhases = (
				C342B2731F217C54007F04FC /* Sources */,
				C342B2741F217C54007F04FC /* Frameworks */,
				C342B2751F217C54007F04FC /* Resources */,
			);
			buildRules = (
			);
			dependencies = (
			);
			name = SCNDemo;
			productName = SCNDemo;
			productReference = C342B2771F217C54007F04FC /* SCNDemo.app */;
			productType = "com.apple.product-type.application";
		};
/* End PBXNativeTarget section */

/* Begin PBXProject section */
		C342B26F1F217C54007F04FC /* Project object */ = {
			isa = PBXProject;
			attributes = {
				LastUpgradeCheck = 0930;
				ORGANIZATIONNAME = xuqianlong;
				TargetAttributes = {
					C342B2761F217C54007F04FC = {
						CreatedOnToolsVersion = 8.3.2;
						DevelopmentTeam = 8YBM843B95;
						ProvisioningStyle = Manual;
					};
				};
			};
			buildConfigurationList = C342B2721F217C54007F04FC /* Build configuration list for PBXProject "SCNDemo" */;
			compatibilityVersion = "Xcode 3.2";
			developmentRegion = English;
			hasScannedForEncodings = 0;
			knownRegions = (
				en,
				Base,
			);
			mainGroup = C342B26E1F217C54007F04FC;
			productRefGroup = C342B2781F217C54007F04FC /* Products */;
			projectDirPath = "";
			projectRoot = "";
			targets = (
				C342B2761F217C54007F04FC /* SCNDemo */,
			);
		};
/* End PBXProject section */

/* Begin PBXResourcesBuildPhase section */
		C342B2751F217C54007F04FC /* Resources */ = {
			isa = PBXResourcesBuildPhase;
			buildActionMask = 2147483647;
			files = (
				C342B28A1F217C54007F04FC /* LaunchScreen.storyboard in Resources */,
				C342B2871F217C54007F04FC /* Assets.xcassets in Resources */,
				B409F3AC2119EE5700A70A75 /* logo.png in Resources */,
				C342B2851F217C54007F04FC /* Main.storyboard in Resources */,
				B4EFA8192086420E00CAB557 /* node.jpg in Resources */,
				B4F5B462208A295C00800E57 /* node.txt in Resources */,
			);
			runOnlyForDeploymentPostprocessing = 0;
		};
/* End PBXResourcesBuildPhase section */

/* Begin PBXSourcesBuildPhase section */
		C342B2731F217C54007F04FC /* Sources */ = {
			isa = PBXSourcesBuildPhase;
			buildActionMask = 2147483647;
			files = (
				B4D4D47E2085AFB400F0FE81 /* SCNetworkRequest+Chain.m in Sources */,
				B4D4D4832085AFB400F0FE81 /* SCNBlockResponseParser.m in Sources */,
				DD398F151FA83FB70080C84F /* SCJSONUtil.m in Sources */,
				C342B2821F217C54007F04FC /* ViewController.m in Sources */,
				C37FB6901F21D66A0002ACB3 /* TestModel.m in Sources */,
				B4D4D4822085AFB400F0FE81 /* SCNJSONResponseParser+Chain.m in Sources */,
				B4D4D4732085AFB300F0FE81 /* SCNModelResponseParser+Chain.m in Sources */,
				B4D4D47F2085AFB400F0FE81 /* SCNJSONResponseParser.m in Sources */,
				B4D4D47C2085AFB400F0FE81 /* SCNModelResponseParser.m in Sources */,
				B4D4D4742085AFB300F0FE81 /* SCNHTTPBodyStream.m in Sources */,
				B4D4D4782085AFB400F0FE81 /* SCNetworkKit.m in Sources */,
				B4D4D47D2085AFB400F0FE81 /* NSObject+SCCancelRef.m in Sources */,
				B4D4D4802085AFB400F0FE81 /* SCNImageResponseParser.m in Sources */,
				B4D4D4752085AFB400F0FE81 /* NSString+SCAddtions.m in Sources */,
				B4D4D4812085AFB400F0FE81 /* SCNetworkRequest.m in Sources */,
				B4D4D47B2085AFB400F0FE81 /* SCNHTTPResponseParser.m in Sources */,
				B4D4D47A2085AFB400F0FE81 /* SCNetworkService+Shared.m in Sources */,
				B4D4D4792085AFB400F0FE81 /* SCNetworkService.m in Sources */,
				B4D4D4772085AFB400F0FE81 /* SCNetworkRequest+SessionDelegate.m in Sources */,
				C342B2DB1F218AC8007F04FC /* SCNModelParser.m in Sources */,
				C342B27F1F217C54007F04FC /* AppDelegate.m in Sources */,
				B4D4D4762085AFB400F0FE81 /* NSDictionary+SCAddtions.m in Sources */,
				C342B27C1F217C54007F04FC /* main.m in Sources */,
			);
			runOnlyForDeploymentPostprocessing = 0;
		};
/* End PBXSourcesBuildPhase section */

/* Begin PBXVariantGroup section */
		C342B2831F217C54007F04FC /* Main.storyboard */ = {
			isa = PBXVariantGroup;
			children = (
				C342B2841F217C54007F04FC /* Base */,
			);
			name = Main.storyboard;
			sourceTree = "<group>";
		};
		C342B2881F217C54007F04FC /* LaunchScreen.storyboard */ = {
			isa = PBXVariantGroup;
			children = (
				C342B2891F217C54007F04FC /* Base */,
			);
			name = LaunchScreen.storyboard;
			sourceTree = "<group>";
		};
/* End PBXVariantGroup section */

/* Begin XCBuildConfiguration section */
		C342B28C1F217C54007F04FC /* Debug */ = {
			isa = XCBuildConfiguration;
			buildSettings = {
				ALWAYS_SEARCH_USER_PATHS = NO;
				CLANG_ANALYZER_NONNULL = YES;
				CLANG_ANALYZER_NUMBER_OBJECT_CONVERSION = YES_AGGRESSIVE;
				CLANG_CXX_LANGUAGE_STANDARD = "gnu++0x";
				CLANG_CXX_LIBRARY = "libc++";
				CLANG_ENABLE_MODULES = YES;
				CLANG_ENABLE_OBJC_ARC = YES;
				CLANG_WARN_BLOCK_CAPTURE_AUTORELEASING = YES;
				CLANG_WARN_BOOL_CONVERSION = YES;
				CLANG_WARN_COMMA = YES;
				CLANG_WARN_CONSTANT_CONVERSION = YES;
				CLANG_WARN_DEPRECATED_OBJC_IMPLEMENTATIONS = YES;
				CLANG_WARN_DIRECT_OBJC_ISA_USAGE = YES_ERROR;
				CLANG_WARN_DOCUMENTATION_COMMENTS = YES;
				CLANG_WARN_EMPTY_BODY = YES;
				CLANG_WARN_ENUM_CONVERSION = YES;
				CLANG_WARN_INFINITE_RECURSION = YES;
				CLANG_WARN_INT_CONVERSION = YES;
				CLANG_WARN_NON_LITERAL_NULL_CONVERSION = YES;
				CLANG_WARN_OBJC_IMPLICIT_RETAIN_SELF = YES;
				CLANG_WARN_OBJC_LITERAL_CONVERSION = YES;
				CLANG_WARN_OBJC_ROOT_CLASS = YES_ERROR;
				CLANG_WARN_RANGE_LOOP_ANALYSIS = YES;
				CLANG_WARN_STRICT_PROTOTYPES = YES;
				CLANG_WARN_SUSPICIOUS_MOVE = YES;
				CLANG_WARN_UNREACHABLE_CODE = YES;
				CLANG_WARN__DUPLICATE_METHOD_MATCH = YES;
				"CODE_SIGN_IDENTITY[sdk=iphoneos*]" = "iPhone Developer";
				COPY_PHASE_STRIP = NO;
				DEBUG_INFORMATION_FORMAT = dwarf;
				ENABLE_STRICT_OBJC_MSGSEND = YES;
				ENABLE_TESTABILITY = YES;
				GCC_C_LANGUAGE_STANDARD = gnu99;
				GCC_DYNAMIC_NO_PIC = NO;
				GCC_NO_COMMON_BLOCKS = YES;
				GCC_OPTIMIZATION_LEVEL = 0;
				GCC_PREPROCESSOR_DEFINITIONS = (
					"DEBUG=1",
					"$(inherited)",
				);
				GCC_WARN_64_TO_32_BIT_CONVERSION = YES;
				GCC_WARN_ABOUT_RETURN_TYPE = YES_ERROR;
				GCC_WARN_UNDECLARED_SELECTOR = YES;
				GCC_WARN_UNINITIALIZED_AUTOS = YES_AGGRESSIVE;
				GCC_WARN_UNUSED_FUNCTION = YES;
				GCC_WARN_UNUSED_VARIABLE = YES;
				IPHONEOS_DEPLOYMENT_TARGET = 10.3;
				MTL_ENABLE_DEBUG_INFO = YES;
				ONLY_ACTIVE_ARCH = YES;
				SDKROOT = iphoneos;
				TARGETED_DEVICE_FAMILY = "1,2";
			};
			name = Debug;
		};
		C342B28D1F217C54007F04FC /* Release */ = {
			isa = XCBuildConfiguration;
			buildSettings = {
				ALWAYS_SEARCH_USER_PATHS = NO;
				CLANG_ANALYZER_NONNULL = YES;
				CLANG_ANALYZER_NUMBER_OBJECT_CONVERSION = YES_AGGRESSIVE;
				CLANG_CXX_LANGUAGE_STANDARD = "gnu++0x";
				CLANG_CXX_LIBRARY = "libc++";
				CLANG_ENABLE_MODULES = YES;
				CLANG_ENABLE_OBJC_ARC = YES;
				CLANG_WARN_BLOCK_CAPTURE_AUTORELEASING = YES;
				CLANG_WARN_BOOL_CONVERSION = YES;
				CLANG_WARN_COMMA = YES;
				CLANG_WARN_CONSTANT_CONVERSION = YES;
				CLANG_WARN_DEPRECATED_OBJC_IMPLEMENTATIONS = YES;
				CLANG_WARN_DIRECT_OBJC_ISA_USAGE = YES_ERROR;
				CLANG_WARN_DOCUMENTATION_COMMENTS = YES;
				CLANG_WARN_EMPTY_BODY = YES;
				CLANG_WARN_ENUM_CONVERSION = YES;
				CLANG_WARN_INFINITE_RECURSION = YES;
				CLANG_WARN_INT_CONVERSION = YES;
				CLANG_WARN_NON_LITERAL_NULL_CONVERSION = YES;
				CLANG_WARN_OBJC_IMPLICIT_RETAIN_SELF = YES;
				CLANG_WARN_OBJC_LITERAL_CONVERSION = YES;
				CLANG_WARN_OBJC_ROOT_CLASS = YES_ERROR;
				CLANG_WARN_RANGE_LOOP_ANALYSIS = YES;
				CLANG_WARN_STRICT_PROTOTYPES = YES;
				CLANG_WARN_SUSPICIOUS_MOVE = YES;
				CLANG_WARN_UNREACHABLE_CODE = YES;
				CLANG_WARN__DUPLICATE_METHOD_MATCH = YES;
				"CODE_SIGN_IDENTITY[sdk=iphoneos*]" = "iPhone Developer";
				COPY_PHASE_STRIP = NO;
				DEBUG_INFORMATION_FORMAT = "dwarf-with-dsym";
				ENABLE_NS_ASSERTIONS = NO;
				ENABLE_STRICT_OBJC_MSGSEND = YES;
				GCC_C_LANGUAGE_STANDARD = gnu99;
				GCC_NO_COMMON_BLOCKS = YES;
				GCC_WARN_64_TO_32_BIT_CONVERSION = YES;
				GCC_WARN_ABOUT_RETURN_TYPE = YES_ERROR;
				GCC_WARN_UNDECLARED_SELECTOR = YES;
				GCC_WARN_UNINITIALIZED_AUTOS = YES_AGGRESSIVE;
				GCC_WARN_UNUSED_FUNCTION = YES;
				GCC_WARN_UNUSED_VARIABLE = YES;
				IPHONEOS_DEPLOYMENT_TARGET = 10.3;
				MTL_ENABLE_DEBUG_INFO = NO;
				SDKROOT = iphoneos;
				TARGETED_DEVICE_FAMILY = "1,2";
				VALIDATE_PRODUCT = YES;
			};
			name = Release;
		};
		C342B28F1F217C54007F04FC /* Debug */ = {
			isa = XCBuildConfiguration;
			buildSettings = {
				ASSETCATALOG_COMPILER_APPICON_NAME = AppIcon;
				DEVELOPMENT_TEAM = 8YBM843B95;
				INFOPLIST_FILE = SCNDemo/Info.plist;
				IPHONEOS_DEPLOYMENT_TARGET = 9.0;
				LD_RUNPATH_SEARCH_PATHS = "$(inherited) @executable_path/Frameworks";
				PRODUCT_BUNDLE_IDENTIFIER = com.sohu.SCNDemo;
				PRODUCT_NAME = "$(TARGET_NAME)";
				PROVISIONING_PROFILE = "07590fd6-d0c1-4adb-8797-72ce92ade5a2";
				PROVISIONING_PROFILE_SPECIFIER = Any_Project_PP;
			};
			name = Debug;
		};
		C342B2901F217C54007F04FC /* Release */ = {
			isa = XCBuildConfiguration;
			buildSettings = {
				ASSETCATALOG_COMPILER_APPICON_NAME = AppIcon;
				DEVELOPMENT_TEAM = 8YBM843B95;
				INFOPLIST_FILE = SCNDemo/Info.plist;
				IPHONEOS_DEPLOYMENT_TARGET = 9.0;
				LD_RUNPATH_SEARCH_PATHS = "$(inherited) @executable_path/Frameworks";
				PRODUCT_BUNDLE_IDENTIFIER = com.sohu.SCNDemo;
				PRODUCT_NAME = "$(TARGET_NAME)";
				PROVISIONING_PROFILE = "07590fd6-d0c1-4adb-8797-72ce92ade5a2";
				PROVISIONING_PROFILE_SPECIFIER = Any_Project_PP;
			};
			name = Release;
		};
/* End XCBuildConfiguration section */

/* Begin XCConfigurationList section */
		C342B2721F217C54007F04FC /* Build configuration list for PBXProject "SCNDemo" */ = {
			isa = XCConfigurationList;
			buildConfigurations = (
				C342B28C1F217C54007F04FC /* Debug */,
				C342B28D1F217C54007F04FC /* Release */,
			);
			defaultConfigurationIsVisible = 0;
			defaultConfigurationName = Release;
		};
		C342B28E1F217C54007F04FC /* Build configuration list for PBXNativeTarget "SCNDemo" */ = {
			isa = XCConfigurationList;
			buildConfigurations = (
				C342B28F1F217C54007F04FC /* Debug */,
				C342B2901F217C54007F04FC /* Release */,
			);
			defaultConfigurationIsVisible = 0;
			defaultConfigurationName = Release;
		};
/* End XCConfigurationList section */
	};
	rootObject = C342B26F1F217C54007F04FC /* Project object */;
}
