// !$*UTF8*$!
{
	archiveVersion = 1;
	classes = {
	};
	objectVersion = 46;
	objects = {

/* Begin PBXBuildFile section */
		C342B27C1F217C54007F04FC /* main.m in Sources */ = {isa = PBXBuildFile; fileRef = C342B27B1F217C54007F04FC /* main.m */; };
		C342B27F1F217C54007F04FC /* AppDelegate.m in Sources */ = {isa = PBXBuildFile; fileRef = C342B27E1F217C54007F04FC /* AppDelegate.m */; };
		C342B2821F217C54007F04FC /* ViewController.m in Sources */ = {isa = PBXBuildFile; fileRef = C342B2811F217C54007F04FC /* ViewController.m */; };
		C342B2851F217C54007F04FC /* Main.storyboard in Resources */ = {isa = PBXBuildFile; fileRef = C342B2831F217C54007F04FC /* Main.storyboard */; };
		C342B2871F217C54007F04FC /* Assets.xcassets in Resources */ = {isa = PBXBuildFile; fileRef = C342B2861F217C54007F04FC /* Assets.xcassets */; };
		C342B28A1F217C54007F04FC /* LaunchScreen.storyboard in Resources */ = {isa = PBXBuildFile; fileRef = C342B2881F217C54007F04FC /* LaunchScreen.storyboard */; };
		C342B2DB1F218AC8007F04FC /* SCNModelParser.m in Sources */ = {isa = PBXBuildFile; fileRef = C342B2DA1F218AC8007F04FC /* SCNModelParser.m */; };
		C37FB6901F21D66A0002ACB3 /* TestModel.m in Sources */ = {isa = PBXBuildFile; fileRef = C37FB68F1F21D66A0002ACB3 /* TestModel.m */; };
		DD398F031FA83F5A0080C84F /* SCNetworkRequest+Chain.m in Sources */ = {isa = PBXBuildFile; fileRef = DD398EDD1FA83F5A0080C84F /* SCNetworkRequest+Chain.m */; };
		DD398F041FA83F5A0080C84F /* SCNJSONResponseParser+Chain.m in Sources */ = {isa = PBXBuildFile; fileRef = DD398EDF1FA83F5A0080C84F /* SCNJSONResponseParser+Chain.m */; };
		DD398F051FA83F5A0080C84F /* SCNModelResponseParser+Chain.m in Sources */ = {isa = PBXBuildFile; fileRef = DD398EE11FA83F5A0080C84F /* SCNModelResponseParser+Chain.m */; };
		DD398F061FA83F5A0080C84F /* SCNetworkRequest.m in Sources */ = {isa = PBXBuildFile; fileRef = DD398EE41FA83F5A0080C84F /* SCNetworkRequest.m */; };
		DD398F071FA83F5A0080C84F /* SCNBlockResponseParser.m in Sources */ = {isa = PBXBuildFile; fileRef = DD398EE81FA83F5A0080C84F /* SCNBlockResponseParser.m */; };
		DD398F081FA83F5A0080C84F /* SCNHTTPResponseParser.m in Sources */ = {isa = PBXBuildFile; fileRef = DD398EEA1FA83F5A0080C84F /* SCNHTTPResponseParser.m */; };
		DD398F091FA83F5A0080C84F /* SCNImageResponseParser.m in Sources */ = {isa = PBXBuildFile; fileRef = DD398EEC1FA83F5A0080C84F /* SCNImageResponseParser.m */; };
		DD398F0A1FA83F5A0080C84F /* SCNJSONResponseParser.m in Sources */ = {isa = PBXBuildFile; fileRef = DD398EEE1FA83F5A0080C84F /* SCNJSONResponseParser.m */; };
		DD398F0B1FA83F5A0080C84F /* SCNModelResponseParser.m in Sources */ = {isa = PBXBuildFile; fileRef = DD398EF11FA83F5A0080C84F /* SCNModelResponseParser.m */; };
		DD398F0C1FA83F5A0080C84F /* SCNetworkService+Shared.m in Sources */ = {isa = PBXBuildFile; fileRef = DD398EF71FA83F5A0080C84F /* SCNetworkService+Shared.m */; };
		DD398F0D1FA83F5A0080C84F /* SCNetworkService.m in Sources */ = {isa = PBXBuildFile; fileRef = DD398EF91FA83F5A0080C84F /* SCNetworkService.m */; };
		DD398F0E1FA83F5A0080C84F /* SCNetWorkSessionDelegate.m in Sources */ = {isa = PBXBuildFile; fileRef = DD398EFB1FA83F5A0080C84F /* SCNetWorkSessionDelegate.m */; };
		DD398F0F1FA83F5A0080C84F /* NSDictionary+SCAddtions.m in Sources */ = {isa = PBXBuildFile; fileRef = DD398EFE1FA83F5A0080C84F /* NSDictionary+SCAddtions.m */; };
		DD398F101FA83F5A0080C84F /* NSObject+SCCancelRef.m in Sources */ = {isa = PBXBuildFile; fileRef = DD398F001FA83F5A0080C84F /* NSObject+SCCancelRef.m */; };
		DD398F111FA83F5A0080C84F /* NSString+SCAddtions.m in Sources */ = {isa = PBXBuildFile; fileRef = DD398F021FA83F5A0080C84F /* NSString+SCAddtions.m */; };
		DD398F151FA83FB70080C84F /* SCJSONUtil.m in Sources */ = {isa = PBXBuildFile; fileRef = DD398F141FA83FB70080C84F /* SCJSONUtil.m */; };
/* End PBXBuildFile section */

/* Begin PBXFileReference section */
		C342B2771F217C54007F04FC /* SCNDemo.app */ = {isa = PBXFileReference; explicitFileType = wrapper.application; includeInIndex = 0; path = SCNDemo.app; sourceTree = BUILT_PRODUCTS_DIR; };
		C342B27B1F217C54007F04FC /* main.m */ = {isa = PBXFileReference; lastKnownFileType = sourcecode.c.objc; path = main.m; sourceTree = "<group>"; };
		C342B27D1F217C54007F04FC /* AppDelegate.h */ = {isa = PBXFileReference; lastKnownFileType = sourcecode.c.h; path = AppDelegate.h; sourceTree = "<group>"; };
		C342B27E1F217C54007F04FC /* AppDelegate.m */ = {isa = PBXFileReference; lastKnownFileType = sourcecode.c.objc; path = AppDelegate.m; sourceTree = "<group>"; };
		C342B2801F217C54007F04FC /* ViewController.h */ = {isa = PBXFileReference; lastKnownFileType = sourcecode.c.h; path = ViewController.h; sourceTree = "<group>"; };
		C342B2811F217C54007F04FC /* ViewController.m */ = {isa = PBXFileReference; lastKnownFileType = sourcecode.c.objc; path = ViewController.m; sourceTree = "<group>"; };
		C342B2841F217C54007F04FC /* Base */ = {isa = PBXFileReference; lastKnownFileType = file.storyboard; name = Base; path = Base.lproj/Main.storyboard; sourceTree = "<group>"; };
		C342B2861F217C54007F04FC /* Assets.xcassets */ = {isa = PBXFileReference; lastKnownFileType = folder.assetcatalog; path = Assets.xcassets; sourceTree = "<group>"; };
		C342B2891F217C54007F04FC /* Base */ = {isa = PBXFileReference; lastKnownFileType = file.storyboard; name = Base; path = Base.lproj/LaunchScreen.storyboard; sourceTree = "<group>"; };
		C342B28B1F217C54007F04FC /* Info.plist */ = {isa = PBXFileReference; lastKnownFileType = text.plist.xml; path = Info.plist; sourceTree = "<group>"; };
		C342B2D91F218AC8007F04FC /* SCNModelParser.h */ = {isa = PBXFileReference; fileEncoding = 4; lastKnownFileType = sourcecode.c.h; path = SCNModelParser.h; sourceTree = "<group>"; };
		C342B2DA1F218AC8007F04FC /* SCNModelParser.m */ = {isa = PBXFileReference; fileEncoding = 4; lastKnownFileType = sourcecode.c.objc; path = SCNModelParser.m; sourceTree = "<group>"; };
		C37FB68E1F21D66A0002ACB3 /* TestModel.h */ = {isa = PBXFileReference; fileEncoding = 4; lastKnownFileType = sourcecode.c.h; path = TestModel.h; sourceTree = "<group>"; };
		C37FB68F1F21D66A0002ACB3 /* TestModel.m */ = {isa = PBXFileReference; fileEncoding = 4; lastKnownFileType = sourcecode.c.objc; path = TestModel.m; sourceTree = "<group>"; };
		DD398EDC1FA83F5A0080C84F /* SCNetworkRequest+Chain.h */ = {isa = PBXFileReference; fileEncoding = 4; lastKnownFileType = sourcecode.c.h; path = "SCNetworkRequest+Chain.h"; sourceTree = "<group>"; };
		DD398EDD1FA83F5A0080C84F /* SCNetworkRequest+Chain.m */ = {isa = PBXFileReference; fileEncoding = 4; lastKnownFileType = sourcecode.c.objc; path = "SCNetworkRequest+Chain.m"; sourceTree = "<group>"; };
		DD398EDE1FA83F5A0080C84F /* SCNJSONResponseParser+Chain.h */ = {isa = PBXFileReference; fileEncoding = 4; lastKnownFileType = sourcecode.c.h; path = "SCNJSONResponseParser+Chain.h"; sourceTree = "<group>"; };
		DD398EDF1FA83F5A0080C84F /* SCNJSONResponseParser+Chain.m */ = {isa = PBXFileReference; fileEncoding = 4; lastKnownFileType = sourcecode.c.objc; path = "SCNJSONResponseParser+Chain.m"; sourceTree = "<group>"; };
		DD398EE01FA83F5A0080C84F /* SCNModelResponseParser+Chain.h */ = {isa = PBXFileReference; fileEncoding = 4; lastKnownFileType = sourcecode.c.h; path = "SCNModelResponseParser+Chain.h"; sourceTree = "<group>"; };
		DD398EE11FA83F5A0080C84F /* SCNModelResponseParser+Chain.m */ = {isa = PBXFileReference; fileEncoding = 4; lastKnownFileType = sourcecode.c.objc; path = "SCNModelResponseParser+Chain.m"; sourceTree = "<group>"; };
		DD398EE31FA83F5A0080C84F /* SCNetworkRequest.h */ = {isa = PBXFileReference; fileEncoding = 4; lastKnownFileType = sourcecode.c.h; path = SCNetworkRequest.h; sourceTree = "<group>"; };
		DD398EE41FA83F5A0080C84F /* SCNetworkRequest.m */ = {isa = PBXFileReference; fileEncoding = 4; lastKnownFileType = sourcecode.c.objc; path = SCNetworkRequest.m; sourceTree = "<group>"; };
		DD398EE51FA83F5A0080C84F /* SCNetworkRequestInternal.h */ = {isa = PBXFileReference; fileEncoding = 4; lastKnownFileType = sourcecode.c.h; path = SCNetworkRequestInternal.h; sourceTree = "<group>"; };
		DD398EE71FA83F5A0080C84F /* SCNBlockResponseParser.h */ = {isa = PBXFileReference; fileEncoding = 4; lastKnownFileType = sourcecode.c.h; path = SCNBlockResponseParser.h; sourceTree = "<group>"; };
		DD398EE81FA83F5A0080C84F /* SCNBlockResponseParser.m */ = {isa = PBXFileReference; fileEncoding = 4; lastKnownFileType = sourcecode.c.objc; path = SCNBlockResponseParser.m; sourceTree = "<group>"; };
		DD398EE91FA83F5A0080C84F /* SCNHTTPResponseParser.h */ = {isa = PBXFileReference; fileEncoding = 4; lastKnownFileType = sourcecode.c.h; path = SCNHTTPResponseParser.h; sourceTree = "<group>"; };
		DD398EEA1FA83F5A0080C84F /* SCNHTTPResponseParser.m */ = {isa = PBXFileReference; fileEncoding = 4; lastKnownFileType = sourcecode.c.objc; path = SCNHTTPResponseParser.m; sourceTree = "<group>"; };
		DD398EEB1FA83F5A0080C84F /* SCNImageResponseParser.h */ = {isa = PBXFileReference; fileEncoding = 4; lastKnownFileType = sourcecode.c.h; path = SCNImageResponseParser.h; sourceTree = "<group>"; };
		DD398EEC1FA83F5A0080C84F /* SCNImageResponseParser.m */ = {isa = PBXFileReference; fileEncoding = 4; lastKnownFileType = sourcecode.c.objc; path = SCNImageResponseParser.m; sourceTree = "<group>"; };
		DD398EED1FA83F5A0080C84F /* SCNJSONResponseParser.h */ = {isa = PBXFileReference; fileEncoding = 4; lastKnownFileType = sourcecode.c.h; path = SCNJSONResponseParser.h; sourceTree = "<group>"; };
		DD398EEE1FA83F5A0080C84F /* SCNJSONResponseParser.m */ = {isa = PBXFileReference; fileEncoding = 4; lastKnownFileType = sourcecode.c.objc; path = SCNJSONResponseParser.m; sourceTree = "<group>"; };
		DD398EEF1FA83F5A0080C84F /* SCNModelParserProtocol.h */ = {isa = PBXFileReference; fileEncoding = 4; lastKnownFileType = sourcecode.c.h; path = SCNModelParserProtocol.h; sourceTree = "<group>"; };
		DD398EF01FA83F5A0080C84F /* SCNModelResponseParser.h */ = {isa = PBXFileReference; fileEncoding = 4; lastKnownFileType = sourcecode.c.h; path = SCNModelResponseParser.h; sourceTree = "<group>"; };
		DD398EF11FA83F5A0080C84F /* SCNModelResponseParser.m */ = {isa = PBXFileReference; fileEncoding = 4; lastKnownFileType = sourcecode.c.objc; path = SCNModelResponseParser.m; sourceTree = "<group>"; };
		DD398EF21FA83F5A0080C84F /* SCNResponseParser.h */ = {isa = PBXFileReference; fileEncoding = 4; lastKnownFileType = sourcecode.c.h; path = SCNResponseParser.h; sourceTree = "<group>"; };
		DD398EF31FA83F5A0080C84F /* SCNetworkKit.h */ = {isa = PBXFileReference; fileEncoding = 4; lastKnownFileType = sourcecode.c.h; path = SCNetworkKit.h; sourceTree = "<group>"; };
		DD398EF41FA83F5A0080C84F /* SCNHeader.h */ = {isa = PBXFileReference; fileEncoding = 4; lastKnownFileType = sourcecode.c.h; path = SCNHeader.h; sourceTree = "<group>"; };
		DD398EF61FA83F5A0080C84F /* SCNetworkService+Shared.h */ = {isa = PBXFileReference; fileEncoding = 4; lastKnownFileType = sourcecode.c.h; path = "SCNetworkService+Shared.h"; sourceTree = "<group>"; };
		DD398EF71FA83F5A0080C84F /* SCNetworkService+Shared.m */ = {isa = PBXFileReference; fileEncoding = 4; lastKnownFileType = sourcecode.c.objc; path = "SCNetworkService+Shared.m"; sourceTree = "<group>"; };
		DD398EF81FA83F5A0080C84F /* SCNetworkService.h */ = {isa = PBXFileReference; fileEncoding = 4; lastKnownFileType = sourcecode.c.h; path = SCNetworkService.h; sourceTree = "<group>"; };
		DD398EF91FA83F5A0080C84F /* SCNetworkService.m */ = {isa = PBXFileReference; fileEncoding = 4; lastKnownFileType = sourcecode.c.objc; path = SCNetworkService.m; sourceTree = "<group>"; };
		DD398EFA1FA83F5A0080C84F /* SCNetWorkSessionDelegate.h */ = {isa = PBXFileReference; fileEncoding = 4; lastKnownFileType = sourcecode.c.h; path = SCNetWorkSessionDelegate.h; sourceTree = "<group>"; };
		DD398EFB1FA83F5A0080C84F /* SCNetWorkSessionDelegate.m */ = {isa = PBXFileReference; fileEncoding = 4; lastKnownFileType = sourcecode.c.objc; path = SCNetWorkSessionDelegate.m; sourceTree = "<group>"; };
		DD398EFD1FA83F5A0080C84F /* NSDictionary+SCAddtions.h */ = {isa = PBXFileReference; fileEncoding = 4; lastKnownFileType = sourcecode.c.h; path = "NSDictionary+SCAddtions.h"; sourceTree = "<group>"; };
		DD398EFE1FA83F5A0080C84F /* NSDictionary+SCAddtions.m */ = {isa = PBXFileReference; fileEncoding = 4; lastKnownFileType = sourcecode.c.objc; path = "NSDictionary+SCAddtions.m"; sourceTree = "<group>"; };
		DD398EFF1FA83F5A0080C84F /* NSObject+SCCancelRef.h */ = {isa = PBXFileReference; fileEncoding = 4; lastKnownFileType = sourcecode.c.h; path = "NSObject+SCCancelRef.h"; sourceTree = "<group>"; };
		DD398F001FA83F5A0080C84F /* NSObject+SCCancelRef.m */ = {isa = PBXFileReference; fileEncoding = 4; lastKnownFileType = sourcecode.c.objc; path = "NSObject+SCCancelRef.m"; sourceTree = "<group>"; };
		DD398F011FA83F5A0080C84F /* NSString+SCAddtions.h */ = {isa = PBXFileReference; fileEncoding = 4; lastKnownFileType = sourcecode.c.h; path = "NSString+SCAddtions.h"; sourceTree = "<group>"; };
		DD398F021FA83F5A0080C84F /* NSString+SCAddtions.m */ = {isa = PBXFileReference; fileEncoding = 4; lastKnownFileType = sourcecode.c.objc; path = "NSString+SCAddtions.m"; sourceTree = "<group>"; };
		DD398F131FA83FB70080C84F /* SCJSONUtil.h */ = {isa = PBXFileReference; fileEncoding = 4; lastKnownFileType = sourcecode.c.h; path = SCJSONUtil.h; sourceTree = "<group>"; };
		DD398F141FA83FB70080C84F /* SCJSONUtil.m */ = {isa = PBXFileReference; fileEncoding = 4; lastKnownFileType = sourcecode.c.objc; path = SCJSONUtil.m; sourceTree = "<group>"; };
/* End PBXFileReference section */

/* Begin PBXFrameworksBuildPhase section */
		C342B2741F217C54007F04FC /* Frameworks */ = {
			isa = PBXFrameworksBuildPhase;
			buildActionMask = 2147483647;
			files = (
			);
			runOnlyForDeploymentPostprocessing = 0;
		};
/* End PBXFrameworksBuildPhase section */

/* Begin PBXGroup section */
		C342B26E1F217C54007F04FC = {
			isa = PBXGroup;
			children = (
				C342B2791F217C54007F04FC /* SCNDemo */,
				C342B2781F217C54007F04FC /* Products */,
			);
			sourceTree = "<group>";
		};
		C342B2781F217C54007F04FC /* Products */ = {
			isa = PBXGroup;
			children = (
				C342B2771F217C54007F04FC /* SCNDemo.app */,
			);
			name = Products;
			sourceTree = "<group>";
		};
		C342B2791F217C54007F04FC /* SCNDemo */ = {
			isa = PBXGroup;
			children = (
				DD398F121FA83FB70080C84F /* SCJSONUtil */,
				DD398EDA1FA83F5A0080C84F /* SCNetworkKit */,
				C342B2D91F218AC8007F04FC /* SCNModelParser.h */,
				C342B2DA1F218AC8007F04FC /* SCNModelParser.m */,
				C342B27D1F217C54007F04FC /* AppDelegate.h */,
				C342B27E1F217C54007F04FC /* AppDelegate.m */,
				C342B2801F217C54007F04FC /* ViewController.h */,
				C342B2811F217C54007F04FC /* ViewController.m */,
				C37FB68E1F21D66A0002ACB3 /* TestModel.h */,
				C37FB68F1F21D66A0002ACB3 /* TestModel.m */,
				C342B2831F217C54007F04FC /* Main.storyboard */,
				C342B2861F217C54007F04FC /* Assets.xcassets */,
				C342B2881F217C54007F04FC /* LaunchScreen.storyboard */,
				C342B28B1F217C54007F04FC /* Info.plist */,
				C342B27A1F217C54007F04FC /* Supporting Files */,
			);
			path = SCNDemo;
			sourceTree = "<group>";
		};
		C342B27A1F217C54007F04FC /* Supporting Files */ = {
			isa = PBXGroup;
			children = (
				C342B27B1F217C54007F04FC /* main.m */,
			);
			name = "Supporting Files";
			sourceTree = "<group>";
		};
		DD398EDA1FA83F5A0080C84F /* SCNetworkKit */ = {
			isa = PBXGroup;
			children = (
				DD398EDB1FA83F5A0080C84F /* Chain */,
				DD398EE21FA83F5A0080C84F /* Request */,
				DD398EE61FA83F5A0080C84F /* Response */,
				DD398EF31FA83F5A0080C84F /* SCNetworkKit.h */,
				DD398EF41FA83F5A0080C84F /* SCNHeader.h */,
				DD398EF51FA83F5A0080C84F /* Service */,
				DD398EFC1FA83F5A0080C84F /* Util */,
			);
			name = SCNetworkKit;
			path = ../../SCNetworkKit;
			sourceTree = "<group>";
		};
		DD398EDB1FA83F5A0080C84F /* Chain */ = {
			isa = PBXGroup;
			children = (
				DD398EDC1FA83F5A0080C84F /* SCNetworkRequest+Chain.h */,
				DD398EDD1FA83F5A0080C84F /* SCNetworkRequest+Chain.m */,
				DD398EDE1FA83F5A0080C84F /* SCNJSONResponseParser+Chain.h */,
				DD398EDF1FA83F5A0080C84F /* SCNJSONResponseParser+Chain.m */,
				DD398EE01FA83F5A0080C84F /* SCNModelResponseParser+Chain.h */,
				DD398EE11FA83F5A0080C84F /* SCNModelResponseParser+Chain.m */,
			);
			path = Chain;
			sourceTree = "<group>";
		};
		DD398EE21FA83F5A0080C84F /* Request */ = {
			isa = PBXGroup;
			children = (
				DD398EE31FA83F5A0080C84F /* SCNetworkRequest.h */,
				DD398EE41FA83F5A0080C84F /* SCNetworkRequest.m */,
				DD398EE51FA83F5A0080C84F /* SCNetworkRequestInternal.h */,
			);
			path = Request;
			sourceTree = "<group>";
		};
		DD398EE61FA83F5A0080C84F /* Response */ = {
			isa = PBXGroup;
			children = (
				DD398EE71FA83F5A0080C84F /* SCNBlockResponseParser.h */,
				DD398EE81FA83F5A0080C84F /* SCNBlockResponseParser.m */,
				DD398EE91FA83F5A0080C84F /* SCNHTTPResponseParser.h */,
				DD398EEA1FA83F5A0080C84F /* SCNHTTPResponseParser.m */,
				DD398EEB1FA83F5A0080C84F /* SCNImageResponseParser.h */,
				DD398EEC1FA83F5A0080C84F /* SCNImageResponseParser.m */,
				DD398EED1FA83F5A0080C84F /* SCNJSONResponseParser.h */,
				DD398EEE1FA83F5A0080C84F /* SCNJSONResponseParser.m */,
				DD398EEF1FA83F5A0080C84F /* SCNModelParserProtocol.h */,
				DD398EF01FA83F5A0080C84F /* SCNModelResponseParser.h */,
				DD398EF11FA83F5A0080C84F /* SCNModelResponseParser.m */,
				DD398EF21FA83F5A0080C84F /* SCNResponseParser.h */,
			);
			path = Response;
			sourceTree = "<group>";
		};
		DD398EF51FA83F5A0080C84F /* Service */ = {
			isa = PBXGroup;
			children = (
				DD398EF61FA83F5A0080C84F /* SCNetworkService+Shared.h */,
				DD398EF71FA83F5A0080C84F /* SCNetworkService+Shared.m */,
				DD398EF81FA83F5A0080C84F /* SCNetworkService.h */,
				DD398EF91FA83F5A0080C84F /* SCNetworkService.m */,
				DD398EFA1FA83F5A0080C84F /* SCNetWorkSessionDelegate.h */,
				DD398EFB1FA83F5A0080C84F /* SCNetWorkSessionDelegate.m */,
			);
			path = Service;
			sourceTree = "<group>";
		};
		DD398EFC1FA83F5A0080C84F /* Util */ = {
			isa = PBXGroup;
			children = (
				DD398EFD1FA83F5A0080C84F /* NSDictionary+SCAddtions.h */,
				DD398EFE1FA83F5A0080C84F /* NSDictionary+SCAddtions.m */,
				DD398EFF1FA83F5A0080C84F /* NSObject+SCCancelRef.h */,
				DD398F001FA83F5A0080C84F /* NSObject+SCCancelRef.m */,
				DD398F011FA83F5A0080C84F /* NSString+SCAddtions.h */,
				DD398F021FA83F5A0080C84F /* NSString+SCAddtions.m */,
			);
			path = Util;
			sourceTree = "<group>";
		};
		DD398F121FA83FB70080C84F /* SCJSONUtil */ = {
			isa = PBXGroup;
			children = (
				DD398F131FA83FB70080C84F /* SCJSONUtil.h */,
				DD398F141FA83FB70080C84F /* SCJSONUtil.m */,
			);
			path = SCJSONUtil;
			sourceTree = "<group>";
		};
/* End PBXGroup section */

/* Begin PBXNativeTarget section */
		C342B2761F217C54007F04FC /* SCNDemo */ = {
			isa = PBXNativeTarget;
			buildConfigurationList = C342B28E1F217C54007F04FC /* Build configuration list for PBXNativeTarget "SCNDemo" */;
			buildPhases = (
				C342B2731F217C54007F04FC /* Sources */,
				C342B2741F217C54007F04FC /* Frameworks */,
				C342B2751F217C54007F04FC /* Resources */,
			);
			buildRules = (
			);
			dependencies = (
			);
			name = SCNDemo;
			productName = SCNDemo;
			productReference = C342B2771F217C54007F04FC /* SCNDemo.app */;
			productType = "com.apple.product-type.application";
		};
/* End PBXNativeTarget section */

/* Begin PBXProject section */
		C342B26F1F217C54007F04FC /* Project object */ = {
			isa = PBXProject;
			attributes = {
				LastUpgradeCheck = 0830;
				ORGANIZATIONNAME = xuqianlong;
				TargetAttributes = {
					C342B2761F217C54007F04FC = {
						CreatedOnToolsVersion = 8.3.2;
						DevelopmentTeam = 8YBM843B95;
						ProvisioningStyle = Manual;
					};
				};
			};
			buildConfigurationList = C342B2721F217C54007F04FC /* Build configuration list for PBXProject "SCNDemo" */;
			compatibilityVersion = "Xcode 3.2";
			developmentRegion = English;
			hasScannedForEncodings = 0;
			knownRegions = (
				en,
				Base,
			);
			mainGroup = C342B26E1F217C54007F04FC;
			productRefGroup = C342B2781F217C54007F04FC /* Products */;
			projectDirPath = "";
			projectRoot = "";
			targets = (
				C342B2761F217C54007F04FC /* SCNDemo */,
			);
		};
/* End PBXProject section */

/* Begin PBXResourcesBuildPhase section */
		C342B2751F217C54007F04FC /* Resources */ = {
			isa = PBXResourcesBuildPhase;
			buildActionMask = 2147483647;
			files = (
				C342B28A1F217C54007F04FC /* LaunchScreen.storyboard in Resources */,
				C342B2871F217C54007F04FC /* Assets.xcassets in Resources */,
				C342B2851F217C54007F04FC /* Main.storyboard in Resources */,
			);
			runOnlyForDeploymentPostprocessing = 0;
		};
/* End PBXResourcesBuildPhase section */

/* Begin PBXSourcesBuildPhase section */
		C342B2731F217C54007F04FC /* Sources */ = {
			isa = PBXSourcesBuildPhase;
			buildActionMask = 2147483647;
			files = (
				DD398F051FA83F5A0080C84F /* SCNModelResponseParser+Chain.m in Sources */,
				DD398F031FA83F5A0080C84F /* SCNetworkRequest+Chain.m in Sources */,
				DD398F0B1FA83F5A0080C84F /* SCNModelResponseParser.m in Sources */,
				DD398F151FA83FB70080C84F /* SCJSONUtil.m in Sources */,
				DD398F111FA83F5A0080C84F /* NSString+SCAddtions.m in Sources */,
				C342B2821F217C54007F04FC /* ViewController.m in Sources */,
				C37FB6901F21D66A0002ACB3 /* TestModel.m in Sources */,
				C342B2DB1F218AC8007F04FC /* SCNModelParser.m in Sources */,
				C342B27F1F217C54007F04FC /* AppDelegate.m in Sources */,
				DD398F091FA83F5A0080C84F /* SCNImageResponseParser.m in Sources */,
				DD398F0F1FA83F5A0080C84F /* NSDictionary+SCAddtions.m in Sources */,
				DD398F0A1FA83F5A0080C84F /* SCNJSONResponseParser.m in Sources */,
				DD398F0E1FA83F5A0080C84F /* SCNetWorkSessionDelegate.m in Sources */,
				DD398F061FA83F5A0080C84F /* SCNetworkRequest.m in Sources */,
				DD398F081FA83F5A0080C84F /* SCNHTTPResponseParser.m in Sources */,
				DD398F0C1FA83F5A0080C84F /* SCNetworkService+Shared.m in Sources */,
				DD398F101FA83F5A0080C84F /* NSObject+SCCancelRef.m in Sources */,
				C342B27C1F217C54007F04FC /* main.m in Sources */,
				DD398F071FA83F5A0080C84F /* SCNBlockResponseParser.m in Sources */,
				DD398F0D1FA83F5A0080C84F /* SCNetworkService.m in Sources */,
				DD398F041FA83F5A0080C84F /* SCNJSONResponseParser+Chain.m in Sources */,
			);
			runOnlyForDeploymentPostprocessing = 0;
		};
/* End PBXSourcesBuildPhase section */

/* Begin PBXVariantGroup section */
		C342B2831F217C54007F04FC /* Main.storyboard */ = {
			isa = PBXVariantGroup;
			children = (
				C342B2841F217C54007F04FC /* Base */,
			);
			name = Main.storyboard;
			sourceTree = "<group>";
		};
		C342B2881F217C54007F04FC /* LaunchScreen.storyboard */ = {
			isa = PBXVariantGroup;
			children = (
				C342B2891F217C54007F04FC /* Base */,
			);
			name = LaunchScreen.storyboard;
			sourceTree = "<group>";
		};
/* End PBXVariantGroup section */

/* Begin XCBuildConfiguration section */
		C342B28C1F217C54007F04FC /* Debug */ = {
			isa = XCBuildConfiguration;
			buildSettings = {
				ALWAYS_SEARCH_USER_PATHS = NO;
				CLANG_ANALYZER_NONNULL = YES;
				CLANG_ANALYZER_NUMBER_OBJECT_CONVERSION = YES_AGGRESSIVE;
				CLANG_CXX_LANGUAGE_STANDARD = "gnu++0x";
				CLANG_CXX_LIBRARY = "libc++";
				CLANG_ENABLE_MODULES = YES;
				CLANG_ENABLE_OBJC_ARC = YES;
				CLANG_WARN_BOOL_CONVERSION = YES;
				CLANG_WARN_CONSTANT_CONVERSION = YES;
				CLANG_WARN_DIRECT_OBJC_ISA_USAGE = YES_ERROR;
				CLANG_WARN_DOCUMENTATION_COMMENTS = YES;
				CLANG_WARN_EMPTY_BODY = YES;
				CLANG_WARN_ENUM_CONVERSION = YES;
				CLANG_WARN_INFINITE_RECURSION = YES;
				CLANG_WARN_INT_CONVERSION = YES;
				CLANG_WARN_OBJC_ROOT_CLASS = YES_ERROR;
				CLANG_WARN_SUSPICIOUS_MOVE = YES;
				CLANG_WARN_UNREACHABLE_CODE = YES;
				CLANG_WARN__DUPLICATE_METHOD_MATCH = YES;
				"CODE_SIGN_IDENTITY[sdk=iphoneos*]" = "iPhone Developer";
				COPY_PHASE_STRIP = NO;
				DEBUG_INFORMATION_FORMAT = dwarf;
				ENABLE_STRICT_OBJC_MSGSEND = YES;
				ENABLE_TESTABILITY = YES;
				GCC_C_LANGUAGE_STANDARD = gnu99;
				GCC_DYNAMIC_NO_PIC = NO;
				GCC_NO_COMMON_BLOCKS = YES;
				GCC_OPTIMIZATION_LEVEL = 0;
				GCC_PREPROCESSOR_DEFINITIONS = (
					"DEBUG=1",
					"$(inherited)",
				);
				GCC_WARN_64_TO_32_BIT_CONVERSION = YES;
				GCC_WARN_ABOUT_RETURN_TYPE = YES_ERROR;
				GCC_WARN_UNDECLARED_SELECTOR = YES;
				GCC_WARN_UNINITIALIZED_AUTOS = YES_AGGRESSIVE;
				GCC_WARN_UNUSED_FUNCTION = YES;
				GCC_WARN_UNUSED_VARIABLE = YES;
				IPHONEOS_DEPLOYMENT_TARGET = 10.3;
				MTL_ENABLE_DEBUG_INFO = YES;
				ONLY_ACTIVE_ARCH = YES;
				SDKROOT = iphoneos;
				TARGETED_DEVICE_FAMILY = "1,2";
			};
			name = Debug;
		};
		C342B28D1F217C54007F04FC /* Release */ = {
			isa = XCBuildConfiguration;
			buildSettings = {
				ALWAYS_SEARCH_USER_PATHS = NO;
				CLANG_ANALYZER_NONNULL = YES;
				CLANG_ANALYZER_NUMBER_OBJECT_CONVERSION = YES_AGGRESSIVE;
				CLANG_CXX_LANGUAGE_STANDARD = "gnu++0x";
				CLANG_CXX_LIBRARY = "libc++";
				CLANG_ENABLE_MODULES = YES;
				CLANG_ENABLE_OBJC_ARC = YES;
				CLANG_WARN_BOOL_CONVERSION = YES;
				CLANG_WARN_CONSTANT_CONVERSION = YES;
				CLANG_WARN_DIRECT_OBJC_ISA_USAGE = YES_ERROR;
				CLANG_WARN_DOCUMENTATION_COMMENTS = YES;
				CLANG_WARN_EMPTY_BODY = YES;
				CLANG_WARN_ENUM_CONVERSION = YES;
				CLANG_WARN_INFINITE_RECURSION = YES;
				CLANG_WARN_INT_CONVERSION = YES;
				CLANG_WARN_OBJC_ROOT_CLASS = YES_ERROR;
				CLANG_WARN_SUSPICIOUS_MOVE = YES;
				CLANG_WARN_UNREACHABLE_CODE = YES;
				CLANG_WARN__DUPLICATE_METHOD_MATCH = YES;
				"CODE_SIGN_IDENTITY[sdk=iphoneos*]" = "iPhone Developer";
				COPY_PHASE_STRIP = NO;
				DEBUG_INFORMATION_FORMAT = "dwarf-with-dsym";
				ENABLE_NS_ASSERTIONS = NO;
				ENABLE_STRICT_OBJC_MSGSEND = YES;
				GCC_C_LANGUAGE_STANDARD = gnu99;
				GCC_NO_COMMON_BLOCKS = YES;
				GCC_WARN_64_TO_32_BIT_CONVERSION = YES;
				GCC_WARN_ABOUT_RETURN_TYPE = YES_ERROR;
				GCC_WARN_UNDECLARED_SELECTOR = YES;
				GCC_WARN_UNINITIALIZED_AUTOS = YES_AGGRESSIVE;
				GCC_WARN_UNUSED_FUNCTION = YES;
				GCC_WARN_UNUSED_VARIABLE = YES;
				IPHONEOS_DEPLOYMENT_TARGET = 10.3;
				MTL_ENABLE_DEBUG_INFO = NO;
				SDKROOT = iphoneos;
				TARGETED_DEVICE_FAMILY = "1,2";
				VALIDATE_PRODUCT = YES;
			};
			name = Release;
		};
		C342B28F1F217C54007F04FC /* Debug */ = {
			isa = XCBuildConfiguration;
			buildSettings = {
				ASSETCATALOG_COMPILER_APPICON_NAME = AppIcon;
				DEVELOPMENT_TEAM = 8YBM843B95;
				INFOPLIST_FILE = SCNDemo/Info.plist;
				IPHONEOS_DEPLOYMENT_TARGET = 7.0;
				LD_RUNPATH_SEARCH_PATHS = "$(inherited) @executable_path/Frameworks";
				PRODUCT_BUNDLE_IDENTIFIER = com.sohu.SCNDemo;
				PRODUCT_NAME = "$(TARGET_NAME)";
				PROVISIONING_PROFILE = "07590fd6-d0c1-4adb-8797-72ce92ade5a2";
				PROVISIONING_PROFILE_SPECIFIER = Any_Project_PP;
			};
			name = Debug;
		};
		C342B2901F217C54007F04FC /* Release */ = {
			isa = XCBuildConfiguration;
			buildSettings = {
				ASSETCATALOG_COMPILER_APPICON_NAME = AppIcon;
				DEVELOPMENT_TEAM = 8YBM843B95;
				INFOPLIST_FILE = SCNDemo/Info.plist;
				IPHONEOS_DEPLOYMENT_TARGET = 7.0;
				LD_RUNPATH_SEARCH_PATHS = "$(inherited) @executable_path/Frameworks";
				PRODUCT_BUNDLE_IDENTIFIER = com.sohu.SCNDemo;
				PRODUCT_NAME = "$(TARGET_NAME)";
				PROVISIONING_PROFILE = "07590fd6-d0c1-4adb-8797-72ce92ade5a2";
				PROVISIONING_PROFILE_SPECIFIER = Any_Project_PP;
			};
			name = Release;
		};
/* End XCBuildConfiguration section */

/* Begin XCConfigurationList section */
		C342B2721F217C54007F04FC /* Build configuration list for PBXProject "SCNDemo" */ = {
			isa = XCConfigurationList;
			buildConfigurations = (
				C342B28C1F217C54007F04FC /* Debug */,
				C342B28D1F217C54007F04FC /* Release */,
			);
			defaultConfigurationIsVisible = 0;
			defaultConfigurationName = Release;
		};
		C342B28E1F217C54007F04FC /* Build configuration list for PBXNativeTarget "SCNDemo" */ = {
			isa = XCConfigurationList;
			buildConfigurations = (
				C342B28F1F217C54007F04FC /* Debug */,
				C342B2901F217C54007F04FC /* Release */,
			);
			defaultConfigurationIsVisible = 0;
			defaultConfigurationName = Release;
		};
/* End XCConfigurationList section */
	};
	rootObject = C342B26F1F217C54007F04FC /* Project object */;
}
