PODS:
  - SCJSONUtil (2.4.9)
  - SCNetworkKit (1.0.17)

DEPENDENCIES:
  - SCJSONUtil
  - SCNetworkKit (from `../../`)

SPEC REPOS:
  https://github.com/CocoaPods/Specs.git:
    - SCJSONUtil

EXTERNAL SOURCES:
  SCNetworkKit:
    :path: "../../"

SPEC CHECKSUMS:
  SCJSONUtil: d4a4f399612b97601757328ce4e7c2b34564bad1
  SCNetworkKit: 7b9bff62623a5530a9c3de1041e2d6d93707117d

PODFILE CHECKSUM: 024e0231386caa3f683d53f76e6dc98f3e19deb2

COCOAPODS: 1.9.1
