PODS:
  - SCJSONUtil (2.4.1)
  - SCNetworkKit (1.0.1)

DEPENDENCIES:
  - SCJSONUtil (~> 2.4.1)
  - SCNetworkKit (~> 1.0.1)

SPEC CHECKSUMS:
  SCJSONUtil: 1ac6901dc50d5167bac6474c7cbd8d22be31b49d
  SCNetworkKit: e45cb7a403caf399e7408ca964988ade4dcd0f3d

PODFILE CHECKSUM: f233604db9550f98f79446f31afbd0834bec3805

COCOAPODS: 1.2.1
