PODS:
  - SCJSONUtil (2.4.9)
  - SCNetworkKit (1.0.18)

DEPENDENCIES:
  - SCJSONUtil
  - SCNetworkKit (from `../../`)

SPEC REPOS:
  https://github.com/CocoaPods/Specs.git:
    - SCJSONUtil

EXTERNAL SOURCES:
  SCNetworkKit:
    :path: "../../"

SPEC CHECKSUMS:
  SCJSONUtil: d4a4f399612b97601757328ce4e7c2b34564bad1
  SCNetworkKit: 82ff066161c6095c16771c7850523bda8e10eaff

PODFILE CHECKSUM: 78c12d93b4d9045f36579372d88fd528d5d0a6c3

COCOAPODS: 1.9.1
