PODS:
  - SCJSONUtil (2.5.2)
  - SCNetworkKit (1.0.26)

DEPENDENCIES:
  - SCJSONUtil
  - SCNetworkKit (from `../../`)

SPEC REPOS:
  trunk:
    - SCJSONUtil

EXTERNAL SOURCES:
  SCNetworkKit:
    :path: "../../"

SPEC CHECKSUMS:
  SCJSONUtil: c4ab28a8d976ddf57f4b9f27a8f795f1166c9593
  SCNetworkKit: 38cd4075c43f71030dab6ce69c2d0ccd349d155d

PODFILE CHECKSUM: 9120efb6f105af6d89aad920d156c216adb37e9f

COCOAPODS: 1.16.1
