PODS:
  - SCJSONUtil (2.5.2)
  - SCNetworkKit (1.0.21)

DEPENDENCIES:
  - SCJSONUtil
  - SCNetworkKit (from `../../`)

SPEC REPOS:
  trunk:
    - SCJSONUtil

EXTERNAL SOURCES:
  SCNetworkKit:
    :path: "../../"

SPEC CHECKSUMS:
  SCJSONUtil: c4ab28a8d976ddf57f4b9f27a8f795f1166c9593
  SCNetworkKit: 8ba8302836647b61b1d040facc1fa7b9b766ca6e

PODFILE CHECKSUM: 06c95c5fc3063f23467168fdbf72955893519ff2

COCOAPODS: 1.10.0
