PODS:
  - SCJSONUtil (2.5.2)
  - SCNetworkKit (1.0.26)

DEPENDENCIES:
  - SCJSONUtil
  - SCNetworkKit (from `../../`)

SPEC REPOS:
  trunk:
    - SCJSONUtil

EXTERNAL SOURCES:
  SCNetworkKit:
    :path: "../../"

SPEC CHECKSUMS:
  SCJSONUtil: c4ab28a8d976ddf57f4b9f27a8f795f1166c9593
  SCNetworkKit: a186df4ff1f2ac7edf3d7d5d7caf6fa02fcc47b6

PODFILE CHECKSUM: 06c95c5fc3063f23467168fdbf72955893519ff2

COCOAPODS: 1.11.2
